# THIS IS AN AUTOGENERATED FILE. DO NOT EDIT THIS FILE DIRECTLY.
# yarn lockfile v1


brasil@1.0.0-security:
  version "1.0.0-security"
  resolved "https://registry.yarnpkg.com/brasil/-/brasil-1.0.0-security.tgz#06e2207de4c36295523e871aa188106e8da67980"
  integrity sha512-PAfpuUggJikQHybRl7n0tjoW0Sa/lzqVGveRgaWHbXp7U7GETNcWRTmzaw6LApx5sD95Dj9A+thBeyAHRymjOA==
